# Code generated by scarb DO NOT EDIT.
version = 1

[[package]]
name = "contract"
version = "0.1.0"
dependencies = [
 "snforge_std",
]

[[package]]
name = "snforge_scarb_plugin"
version = "0.43.0"
source = "registry+https://scarbs.xyz/"
checksum = "sha256:55ed405cb5f974d0102f2a1cc4ccd27c80152120fac46488581cb8e9e4396979"

[[package]]
name = "snforge_std"
version = "0.43.0"
source = "registry+https://scarbs.xyz/"
checksum = "sha256:8c7f76b40f34c26c83ff851da3ae8bdcb6bfcf0ea3a0d03fe49c3bd67f5e98c6"
dependencies = [
 "snforge_scarb_plugin",
]
